// !$*UTF8*$!
{
	archiveVersion = 1;
	classes = {
	};
	objectVersion = 46;
	objects = {

/* Begin PBXBuildFile section */
		700157001B71F950005FA605 /* main.cpp in Sources */ = {isa = PBXBuildFile; fileRef = 700156FF1B71F950005FA605 /* main.cpp */; };
		700157091B71F991005FA605 /* Matrix.cpp in Sources */ = {isa = PBXBuildFile; fileRef = 700157071B71F991005FA605 /* Matrix.cpp */; };
		7042327B1B787E7500033C16 /* MatrixItem.cpp in Sources */ = {isa = PBXBuildFile; fileRef = 704232791B787E7500033C16 /* MatrixItem.cpp */; };
		7042327E1B787EB000033C16 /* IndexPath.cpp in Sources */ = {isa = PBXBuildFile; fileRef = 7042327C1B787EB000033C16 /* IndexPath.cpp */; };
		704232811B78911A00033C16 /* Direction.cpp in Sources */ = {isa = PBXBuildFile; fileRef = 7042327F1B78911A00033C16 /* Direction.cpp */; };
/* End PBXBuildFile section */

/* Begin PBXCopyFilesBuildPhase section */
		700156FA1B71F950005FA605 /* CopyFiles */ = {
			isa = PBXCopyFilesBuildPhase;
			buildActionMask = 2147483647;
			dstPath = /usr/share/man/man1/;
			dstSubfolderSpec = 0;
			files = (
			);
			runOnlyForDeploymentPostprocessing = 1;
		};
/* End PBXCopyFilesBuildPhase section */

/* Begin PBXFileReference section */
		700156FC1B71F950005FA605 /* a1024_core */ = {isa = PBXFileReference; explicitFileType = "compiled.mach-o.executable"; includeInIndex = 0; path = a1024_core; sourceTree = BUILT_PRODUCTS_DIR; };
		700156FF1B71F950005FA605 /* main.cpp */ = {isa = PBXFileReference; lastKnownFileType = sourcecode.cpp.cpp; path = main.cpp; sourceTree = "<group>"; };
		700157071B71F991005FA605 /* Matrix.cpp */ = {isa = PBXFileReference; fileEncoding = 4; lastKnownFileType = sourcecode.cpp.cpp; path = Matrix.cpp; sourceTree = "<group>"; };
		700157081B71F991005FA605 /* Matrix.h */ = {isa = PBXFileReference; fileEncoding = 4; lastKnownFileType = sourcecode.c.h; path = Matrix.h; sourceTree = "<group>"; };
		704232791B787E7500033C16 /* MatrixItem.cpp */ = {isa = PBXFileReference; fileEncoding = 4; lastKnownFileType = sourcecode.cpp.cpp; path = MatrixItem.cpp; sourceTree = "<group>"; };
		7042327A1B787E7500033C16 /* MatrixItem.h */ = {isa = PBXFileReference; fileEncoding = 4; lastKnownFileType = sourcecode.c.h; path = MatrixItem.h; sourceTree = "<group>"; };
		7042327C1B787EB000033C16 /* IndexPath.cpp */ = {isa = PBXFileReference; fileEncoding = 4; lastKnownFileType = sourcecode.cpp.cpp; path = IndexPath.cpp; sourceTree = "<group>"; };
		7042327D1B787EB000033C16 /* IndexPath.h */ = {isa = PBXFileReference; fileEncoding = 4; lastKnownFileType = sourcecode.c.h; path = IndexPath.h; sourceTree = "<group>"; };
		7042327F1B78911A00033C16 /* Direction.cpp */ = {isa = PBXFileReference; fileEncoding = 4; lastKnownFileType = sourcecode.cpp.cpp; path = Direction.cpp; sourceTree = "<group>"; };
		704232801B78911A00033C16 /* Direction.h */ = {isa = PBXFileReference; fileEncoding = 4; lastKnownFileType = sourcecode.c.h; path = Direction.h; sourceTree = "<group>"; };
/* End PBXFileReference section */

/* Begin PBXFrameworksBuildPhase section */
		700156F91B71F950005FA605 /* Frameworks */ = {
			isa = PBXFrameworksBuildPhase;
			buildActionMask = 2147483647;
			files = (
			);
			runOnlyForDeploymentPostprocessing = 0;
		};
/* End PBXFrameworksBuildPhase section */

/* Begin PBXGroup section */
		700156F31B71F950005FA605 = {
			isa = PBXGroup;
			children = (
				700156FE1B71F950005FA605 /* a1024_core */,
				700156FD1B71F950005FA605 /* Products */,
			);
			sourceTree = "<group>";
		};
		700156FD1B71F950005FA605 /* Products */ = {
			isa = PBXGroup;
			children = (
				700156FC1B71F950005FA605 /* a1024_core */,
			);
			name = Products;
			sourceTree = "<group>";
		};
		700156FE1B71F950005FA605 /* a1024_core */ = {
			isa = PBXGroup;
			children = (
				700157061B71F966005FA605 /* classes */,
				700156FF1B71F950005FA605 /* main.cpp */,
			);
			path = a1024_core;
			sourceTree = "<group>";
		};
		700157061B71F966005FA605 /* classes */ = {
			isa = PBXGroup;
			children = (
				700157071B71F991005FA605 /* Matrix.cpp */,
				700157081B71F991005FA605 /* Matrix.h */,
				704232791B787E7500033C16 /* MatrixItem.cpp */,
				7042327A1B787E7500033C16 /* MatrixItem.h */,
				7042327C1B787EB000033C16 /* IndexPath.cpp */,
				7042327D1B787EB000033C16 /* IndexPath.h */,
				7042327F1B78911A00033C16 /* Direction.cpp */,
				704232801B78911A00033C16 /* Direction.h */,
			);
			path = classes;
			sourceTree = "<group>";
		};
/* End PBXGroup section */

/* Begin PBXNativeTarget section */
		700156FB1B71F950005FA605 /* a1024_core */ = {
			isa = PBXNativeTarget;
			buildConfigurationList = 700157031B71F950005FA605 /* Build configuration list for PBXNativeTarget "a1024_core" */;
			buildPhases = (
				700156F81B71F950005FA605 /* Sources */,
				700156F91B71F950005FA605 /* Frameworks */,
				700156FA1B71F950005FA605 /* CopyFiles */,
			);
			buildRules = (
			);
			dependencies = (
			);
			name = a1024_core;
			productName = a1024_core;
			productReference = 700156FC1B71F950005FA605 /* a1024_core */;
			productType = "com.apple.product-type.tool";
		};
/* End PBXNativeTarget section */

/* Begin PBXProject section */
		700156F41B71F950005FA605 /* Project object */ = {
			isa = PBXProject;
			attributes = {
				LastUpgradeCheck = 0640;
				ORGANIZATIONNAME = codecooker.com;
				TargetAttributes = {
					700156FB1B71F950005FA605 = {
						CreatedOnToolsVersion = 6.4;
					};
				};
			};
			buildConfigurationList = 700156F71B71F950005FA605 /* Build configuration list for PBXProject "a1024_core" */;
			compatibilityVersion = "Xcode 3.2";
			developmentRegion = English;
			hasScannedForEncodings = 0;
			knownRegions = (
				en,
			);
			mainGroup = 700156F31B71F950005FA605;
			productRefGroup = 700156FD1B71F950005FA605 /* Products */;
			projectDirPath = "";
			projectRoot = "";
			targets = (
				700156FB1B71F950005FA605 /* a1024_core */,
			);
		};
/* End PBXProject section */

/* Begin PBXSourcesBuildPhase section */
		700156F81B71F950005FA605 /* Sources */ = {
			isa = PBXSourcesBuildPhase;
			buildActionMask = 2147483647;
			files = (
				704232811B78911A00033C16 /* Direction.cpp in Sources */,
				700157091B71F991005FA605 /* Matrix.cpp in Sources */,
				700157001B71F950005FA605 /* main.cpp in Sources */,
				7042327B1B787E7500033C16 /* MatrixItem.cpp in Sources */,
				7042327E1B787EB000033C16 /* IndexPath.cpp in Sources */,
			);
			runOnlyForDeploymentPostprocessing = 0;
		};
/* End PBXSourcesBuildPhase section */

/* Begin XCBuildConfiguration section */
		700157011B71F950005FA605 /* Debug */ = {
			isa = XCBuildConfiguration;
			buildSettings = {
				ALWAYS_SEARCH_USER_PATHS = NO;
				CLANG_CXX_LANGUAGE_STANDARD = "gnu++0x";
				CLANG_CXX_LIBRARY = "libc++";
				CLANG_ENABLE_MODULES = YES;
				CLANG_ENABLE_OBJC_ARC = YES;
				CLANG_WARN_BOOL_CONVERSION = YES;
				CLANG_WARN_CONSTANT_CONVERSION = YES;
				CLANG_WARN_DIRECT_OBJC_ISA_USAGE = YES_ERROR;
				CLANG_WARN_EMPTY_BODY = YES;
				CLANG_WARN_ENUM_CONVERSION = YES;
				CLANG_WARN_INT_CONVERSION = YES;
				CLANG_WARN_OBJC_ROOT_CLASS = YES_ERROR;
				CLANG_WARN_UNREACHABLE_CODE = YES;
				CLANG_WARN__DUPLICATE_METHOD_MATCH = YES;
				COPY_PHASE_STRIP = NO;
				DEBUG_INFORMATION_FORMAT = dwarf;
				ENABLE_STRICT_OBJC_MSGSEND = YES;
				GCC_C_LANGUAGE_STANDARD = gnu99;
				GCC_DYNAMIC_NO_PIC = NO;
				GCC_NO_COMMON_BLOCKS = YES;
				GCC_OPTIMIZATION_LEVEL = 0;
				GCC_PREPROCESSOR_DEFINITIONS = (
					"DEBUG=1",
					"$(inherited)",
				);
				GCC_SYMBOLS_PRIVATE_EXTERN = NO;
				GCC_WARN_64_TO_32_BIT_CONVERSION = YES;
				GCC_WARN_ABOUT_RETURN_TYPE = YES_ERROR;
				GCC_WARN_UNDECLARED_SELECTOR = YES;
				GCC_WARN_UNINITIALIZED_AUTOS = YES_AGGRESSIVE;
				GCC_WARN_UNUSED_FUNCTION = YES;
				GCC_WARN_UNUSED_VARIABLE = YES;
				MACOSX_DEPLOYMENT_TARGET = 10.10;
				MTL_ENABLE_DEBUG_INFO = YES;
				ONLY_ACTIVE_ARCH = YES;
				SDKROOT = macosx;
			};
			name = Debug;
		};
		700157021B71F950005FA605 /* Release */ = {
			isa = XCBuildConfiguration;
			buildSettings = {
				ALWAYS_SEARCH_USER_PATHS = NO;
				CLANG_CXX_LANGUAGE_STANDARD = "gnu++0x";
				CLANG_CXX_LIBRARY = "libc++";
				CLANG_ENABLE_MODULES = YES;
				CLANG_ENABLE_OBJC_ARC = YES;
				CLANG_WARN_BOOL_CONVERSION = YES;
				CLANG_WARN_CONSTANT_CONVERSION = YES;
				CLANG_WARN_DIRECT_OBJC_ISA_USAGE = YES_ERROR;
				CLANG_WARN_EMPTY_BODY = YES;
				CLANG_WARN_ENUM_CONVERSION = YES;
				CLANG_WARN_INT_CONVERSION = YES;
				CLANG_WARN_OBJC_ROOT_CLASS = YES_ERROR;
				CLANG_WARN_UNREACHABLE_CODE = YES;
				CLANG_WARN__DUPLICATE_METHOD_MATCH = YES;
				COPY_PHASE_STRIP = NO;
				DEBUG_INFORMATION_FORMAT = "dwarf-with-dsym";
				ENABLE_NS_ASSERTIONS = NO;
				ENABLE_STRICT_OBJC_MSGSEND = YES;
				GCC_C_LANGUAGE_STANDARD = gnu99;
				GCC_NO_COMMON_BLOCKS = YES;
				GCC_WARN_64_TO_32_BIT_CONVERSION = YES;
				GCC_WARN_ABOUT_RETURN_TYPE = YES_ERROR;
				GCC_WARN_UNDECLARED_SELECTOR = YES;
				GCC_WARN_UNINITIALIZED_AUTOS = YES_AGGRESSIVE;
				GCC_WARN_UNUSED_FUNCTION = YES;
				GCC_WARN_UNUSED_VARIABLE = YES;
				MACOSX_DEPLOYMENT_TARGET = 10.10;
				MTL_ENABLE_DEBUG_INFO = NO;
				SDKROOT = macosx;
			};
			name = Release;
		};
		700157041B71F950005FA605 /* Debug */ = {
			isa = XCBuildConfiguration;
			buildSettings = {
				PRODUCT_NAME = "$(TARGET_NAME)";
			};
			name = Debug;
		};
		700157051B71F950005FA605 /* Release */ = {
			isa = XCBuildConfiguration;
			buildSettings = {
				PRODUCT_NAME = "$(TARGET_NAME)";
			};
			name = Release;
		};
/* End XCBuildConfiguration section */

/* Begin XCConfigurationList section */
		700156F71B71F950005FA605 /* Build configuration list for PBXProject "a1024_core" */ = {
			isa = XCConfigurationList;
			buildConfigurations = (
				700157011B71F950005FA605 /* Debug */,
				700157021B71F950005FA605 /* Release */,
			);
			defaultConfigurationIsVisible = 0;
			defaultConfigurationName = Release;
		};
		700157031B71F950005FA605 /* Build configuration list for PBXNativeTarget "a1024_core" */ = {
			isa = XCConfigurationList;
			buildConfigurations = (
				700157041B71F950005FA605 /* Debug */,
				700157051B71F950005FA605 /* Release */,
			);
			defaultConfigurationIsVisible = 0;
			defaultConfigurationName = Release;
		};
/* End XCConfigurationList section */
	};
	rootObject = 700156F41B71F950005FA605 /* Project object */;
}
